
Microsoft Visual Studio Solution File, Format Version 12.00
# Visual Studio 15
VisualStudioVersion = 15.0.28010.2016
MinimumVisualStudioVersion = 10.0.40219.1
Project("{FAE04EC0-301F-11D3-BF4B-00C04F79EFBC}") = "FindAndReplace", "FindAndReplace\FindAndReplace.csproj", "{7954A5CD-004F-43F0-95BF-9DB64E65696D}"
EndProject
Global
	GlobalSection(SolutionConfigurationPlatforms) = preSolution
		Debug|Any CPU = Debug|Any CPU
		Release|Any CPU = Release|Any CPU
	EndGlobalSection
	GlobalSection(ProjectConfigurationPlatforms) = postSolution
		{7954A5CD-004F-43F0-95BF-9DB64E65696D}.Debug|Any CPU.ActiveCfg = Debug|Any CPU
		{7954A5CD-004F-43F0-95BF-9DB64E65696D}.Debug|Any CPU.Build.0 = Debug|Any CPU
		{7954A5CD-004F-43F0-95BF-9DB64E65696D}.Release|Any CPU.ActiveCfg = Release|Any CPU
		{7954A5CD-004F-43F0-95BF-9DB64E65696D}.Release|Any CPU.Build.0 = Release|Any CPU
	EndGlobalSection
	GlobalSection(SolutionProperties) = preSolution
		HideSolutionNode = FALSE
	EndGlobalSection
	GlobalSection(ExtensibilityGlobals) = postSolution
		SolutionGuid = {DE35A88D-CA55-4F27-BA01-282A77D9A41C}
	EndGlobalSection
EndGlobal
